
Microsoft Visual Studio Solution File, Format Version 12.00
# Visual Studio Version 17
VisualStudioVersion = 17.14.36511.14
MinimumVisualStudioVersion = 10.0.40219.1
Project("{FAE04EC0-301F-11D3-BF4B-00C04F79EFBC}") = "Tyuiu.AristovaAK.Sprint1.Task0.V19", "Tyuiu.AristovaAK.Sprint1.Task0.V19\Tyuiu.AristovaAK.Sprint1.Task0.V19.csproj", "{0D0D2FE5-3E60-4C69-B3FD-378DE7174AE2}"
EndProject
Project("{FAE04EC0-301F-11D3-BF4B-00C04F79EFBC}") = "Tyuiu.AristovaAK.Sprint1.Task0.V19.Test", "Tyuiu.AristovaAK.Sprint1.Task0.V19.Test\Tyuiu.AristovaAK.Sprint1.Task0.V19.Test.csproj", "{7BB2F52A-03CC-423A-B68E-17301EF920E3}"
EndProject
Project("{FAE04EC0-301F-11D3-BF4B-00C04F79EFBC}") = "Tyuiu.AristovaAK.Sprint1.Task0.V19.Lib", "Tyuiu.AristovaAK.Sprint1.Task0.V19.Lib\Tyuiu.AristovaAK.Sprint1.Task0.V19.Lib.csproj", "{D0868016-8D90-4F4C-A0AC-94CE60A694B6}"
EndProject
Project("{2150E333-8FDC-42A3-9474-1A3956D46DE8}") = "Task0", "Task0", "{02EA681E-C7D8-13C7-8484-4AC65E1B71E8}"
EndProject
Project("{2150E333-8FDC-42A3-9474-1A3956D46DE8}") = "Task1", "Task1", "{DF370019-7A9C-4ED4-AC97-7D8A34A722D8}"
EndProject
Project("{FAE04EC0-301F-11D3-BF4B-00C04F79EFBC}") = "Tyuiu.AristovaAK.Sprint1.Task1.V25", "Tyuiu.AristovaAK.Sprint1.Task1.V25\Tyuiu.AristovaAK.Sprint1.Task1.V25.csproj", "{04F4FF1F-62D3-406F-B89C-0D9A241A23F5}"
EndProject
Project("{FAE04EC0-301F-11D3-BF4B-00C04F79EFBC}") = "Tyuiu.AristovaAK.Sprint1.Task1.V25.Lib", "Tyuiu.AristovaAK.Sprint1.Task1.V25.Lib\Tyuiu.AristovaAK.Sprint1.Task1.V25.Lib.csproj", "{AB32CF0D-C88C-49CF-AFBC-C9B12BF027E5}"
EndProject
Project("{FAE04EC0-301F-11D3-BF4B-00C04F79EFBC}") = "Tyuiu.AristovaAK.Sprint1.Task1.V25.Test", "Tyuiu.AristovaAK.Sprint1.Task1.V25.Test\Tyuiu.AristovaAK.Sprint1.Task1.V25.Test.csproj", "{9F928D37-6E66-4613-87A0-B491B7F3ABE1}"
EndProject
Project("{2150E333-8FDC-42A3-9474-1A3956D46DE8}") = "Task2", "Task2", "{33F35A14-242C-4662-A8EE-59610D37DBFC}"
EndProject
Project("{FAE04EC0-301F-11D3-BF4B-00C04F79EFBC}") = "Tyuiu.AristovaAK.Sprint1.Task2.V21", "Tyuiu.AristovaAK.Sprint1.Task2.V21\Tyuiu.AristovaAK.Sprint1.Task2.V21.csproj", "{F65876A5-049E-45E2-A528-E9FE9CFA14CA}"
EndProject
Project("{FAE04EC0-301F-11D3-BF4B-00C04F79EFBC}") = "Tyuiu.AristovaAK.Sprint1.Task2.V21.Test", "Tyuiu.AristovaAK.Sprint1.Task2.V21.Test\Tyuiu.AristovaAK.Sprint1.Task2.V21.Test.csproj", "{1A78EECA-A098-4004-ACC1-3E4EFCF0D317}"
EndProject
Project("{FAE04EC0-301F-11D3-BF4B-00C04F79EFBC}") = "Tyuiu.AristovaAK.Sprint1.Task2.V21.Lib", "Tyuiu.AristovaAK.Sprint1.Task2.V21.Lib\Tyuiu.AristovaAK.Sprint1.Task2.V21.Lib.csproj", "{AFC5E104-B663-4AF8-B50D-A3FFE813D8BA}"
EndProject
Project("{2150E333-8FDC-42A3-9474-1A3956D46DE8}") = "Task3", "Task3", "{C7281814-5B20-425B-B5C5-BF9FEB92380D}"
EndProject
Project("{FAE04EC0-301F-11D3-BF4B-00C04F79EFBC}") = "Tyuiu.AristovaAK.Sprint1.Task3.V6", "Tyuiu.AristovaAK.Sprint1.Task3.V6\Tyuiu.AristovaAK.Sprint1.Task3.V6.csproj", "{AAF5853A-EBD8-4F06-A4B3-8001CDCF70C9}"
EndProject
Project("{FAE04EC0-301F-11D3-BF4B-00C04F79EFBC}") = "Tyuiu.AristovaAK.Sprint1.Task3.V6.Lib", "Tyuiu.AristovaAK.Sprint1.Task3.V6.Lib\Tyuiu.AristovaAK.Sprint1.Task3.V6.Lib.csproj", "{4DEFBC6C-2B39-47AD-AFF5-CCA2C0A350F0}"
EndProject
Project("{FAE04EC0-301F-11D3-BF4B-00C04F79EFBC}") = "Tyuiu.AristovaAK.Sprint1.Task3.V6.Test", "Tyuiu.AristovaAK.Sprint1.Task3.V6.Test\Tyuiu.AristovaAK.Sprint1.Task3.V6.Test.csproj", "{C679F61C-E8AF-4711-958C-1966758F9AA6}"
EndProject
Project("{2150E333-8FDC-42A3-9474-1A3956D46DE8}") = "Task4", "Task4", "{7C1C53FF-F080-4B06-98D8-D90FD0EEC013}"
EndProject
Project("{FAE04EC0-301F-11D3-BF4B-00C04F79EFBC}") = "Tyuiu.AristovaAK.Sprint1.Task4.V19", "Tyuiu.AristovaAK.Sprint1.Task4.V19\Tyuiu.AristovaAK.Sprint1.Task4.V19.csproj", "{98D91E6B-8CDA-4BE0-8DC9-9F267E8D608C}"
EndProject
Project("{FAE04EC0-301F-11D3-BF4B-00C04F79EFBC}") = "Tyuiu.AristovaAK.Sprint1.Task4.V19.Test", "Tyuiu.AristovaAK.Sprint1.Task4.V19.Test\Tyuiu.AristovaAK.Sprint1.Task4.V19.Test.csproj", "{105754C6-5B64-44C6-BCE2-9F5035F74D0A}"
EndProject
Project("{FAE04EC0-301F-11D3-BF4B-00C04F79EFBC}") = "Tyuiu.AristovaAK.Sprint1.Task4.V19.Lib", "Tyuiu.AristovaAK.Sprint1.Task4.V19.Lib\Tyuiu.AristovaAK.Sprint1.Task4.V19.Lib.csproj", "{7ED4BAD9-68E6-4381-A08B-5ED35774061C}"
EndProject
Project("{2150E333-8FDC-42A3-9474-1A3956D46DE8}") = "Task5", "Task5", "{ECC21307-20DD-445B-B27E-74E39459165E}"
EndProject
Project("{FAE04EC0-301F-11D3-BF4B-00C04F79EFBC}") = "Tyuiu.AristovaAK.Sprint1.Task5.V5", "Tyuiu.AristovaAK.Sprint1.Task5.V5\Tyuiu.AristovaAK.Sprint1.Task5.V5.csproj", "{418FEC7B-6FF4-490F-91B3-C6121DD33013}"
EndProject
Project("{FAE04EC0-301F-11D3-BF4B-00C04F79EFBC}") = "Tyuiu.AristovaAK.Sprint1.Task5.V5.Lib", "Tyuiu.AristovaAK.Sprint1.Task5.V5.Lib\Tyuiu.AristovaAK.Sprint1.Task5.V5.Lib.csproj", "{C7623AB1-88E9-4A13-B02A-EB409091CC4F}"
EndProject
Project("{FAE04EC0-301F-11D3-BF4B-00C04F79EFBC}") = "Tyuiu.AristovaAK.Sprint1.Task5.V5.Test", "Tyuiu.AristovaAK.Sprint1.Task5.V5.Test\Tyuiu.AristovaAK.Sprint1.Task5.V5.Test.csproj", "{FD4CB837-8957-421B-814D-E5F332AD25D0}"
EndProject
Project("{2150E333-8FDC-42A3-9474-1A3956D46DE8}") = "Task6", "Task6", "{B9F99604-30D1-4656-AF4B-0E84189663A7}"
EndProject
Project("{FAE04EC0-301F-11D3-BF4B-00C04F79EFBC}") = "Tyuiu.AristovaAK.Sprint1.Task6.V5", "Tyuiu.AristovaAK.Sprint1.Task6.V5\Tyuiu.AristovaAK.Sprint1.Task6.V5.csproj", "{9EC1CCBA-41D9-4BDD-8E66-3BC91349440B}"
EndProject
Project("{FAE04EC0-301F-11D3-BF4B-00C04F79EFBC}") = "Tyuiu.AristovaAK.Sprint1.Task6.V5.Test", "Tyuiu.AristovaAK.Sprint1.Task6.V5.Test\Tyuiu.AristovaAK.Sprint1.Task6.V5.Test.csproj", "{BF17780F-B22A-4DE2-9F40-00A8C18E8FD2}"
EndProject
Project("{FAE04EC0-301F-11D3-BF4B-00C04F79EFBC}") = "Tyuiu.AristovaAK.Sprint1.Task6.V5.Lib", "Tyuiu.AristovaAK.Sprint1.Task6.V5.Lib\Tyuiu.AristovaAK.Sprint1.Task6.V5.Lib.csproj", "{BEDB86A2-D20C-4AB6-879E-A0E09B9B495F}"
EndProject
Project("{2150E333-8FDC-42A3-9474-1A3956D46DE8}") = "Task7", "Task7", "{3BD140C7-C26E-4A62-8E45-881B12C9FFA5}"
EndProject
Project("{FAE04EC0-301F-11D3-BF4B-00C04F79EFBC}") = "Tyuiu.AristovaAK.Sprint1.Task7.V26", "Tyuiu.AristovaAK.Sprint1.Task7.V26\Tyuiu.AristovaAK.Sprint1.Task7.V26.csproj", "{DDD01352-9989-43B0-A1B9-8CBFA1E9EB8B}"
EndProject
Project("{FAE04EC0-301F-11D3-BF4B-00C04F79EFBC}") = "Tyuiu.AristovaAK.Sprint1.Task7.V26.Lib", "Tyuiu.AristovaAK.Sprint1.Task7.V26.Lib\Tyuiu.AristovaAK.Sprint1.Task7.V26.Lib.csproj", "{13C29C4D-C16F-4F22-8913-92F56A3D1B9A}"
EndProject
Project("{FAE04EC0-301F-11D3-BF4B-00C04F79EFBC}") = "Tyuiu.AristovaAK.Sprint1.Task7.V26.Test", "Tyuiu.AristovaAK.Sprint1.Task7.V26.Test\Tyuiu.AristovaAK.Sprint1.Task7.V26.Test.csproj", "{16A210C7-F492-4D50-BA24-7CBEA70D370A}"
EndProject
Global
	GlobalSection(SolutionConfigurationPlatforms) = preSolution
		Debug|Any CPU = Debug|Any CPU
		Release|Any CPU = Release|Any CPU
	EndGlobalSection
	GlobalSection(ProjectConfigurationPlatforms) = postSolution
		{0D0D2FE5-3E60-4C69-B3FD-378DE7174AE2}.Debug|Any CPU.ActiveCfg = Debug|Any CPU
		{0D0D2FE5-3E60-4C69-B3FD-378DE7174AE2}.Debug|Any CPU.Build.0 = Debug|Any CPU
		{0D0D2FE5-3E60-4C69-B3FD-378DE7174AE2}.Release|Any CPU.ActiveCfg = Release|Any CPU
		{0D0D2FE5-3E60-4C69-B3FD-378DE7174AE2}.Release|Any CPU.Build.0 = Release|Any CPU
		{7BB2F52A-03CC-423A-B68E-17301EF920E3}.Debug|Any CPU.ActiveCfg = Debug|Any CPU
		{7BB2F52A-03CC-423A-B68E-17301EF920E3}.Debug|Any CPU.Build.0 = Debug|Any CPU
		{7BB2F52A-03CC-423A-B68E-17301EF920E3}.Release|Any CPU.ActiveCfg = Release|Any CPU
		{7BB2F52A-03CC-423A-B68E-17301EF920E3}.Release|Any CPU.Build.0 = Release|Any CPU
		{D0868016-8D90-4F4C-A0AC-94CE60A694B6}.Debug|Any CPU.ActiveCfg = Debug|Any CPU
		{D0868016-8D90-4F4C-A0AC-94CE60A694B6}.Debug|Any CPU.Build.0 = Debug|Any CPU
		{D0868016-8D90-4F4C-A0AC-94CE60A694B6}.Release|Any CPU.ActiveCfg = Release|Any CPU
		{D0868016-8D90-4F4C-A0AC-94CE60A694B6}.Release|Any CPU.Build.0 = Release|Any CPU
		{04F4FF1F-62D3-406F-B89C-0D9A241A23F5}.Debug|Any CPU.ActiveCfg = Debug|Any CPU
		{04F4FF1F-62D3-406F-B89C-0D9A241A23F5}.Debug|Any CPU.Build.0 = Debug|Any CPU
		{04F4FF1F-62D3-406F-B89C-0D9A241A23F5}.Release|Any CPU.ActiveCfg = Release|Any CPU
		{04F4FF1F-62D3-406F-B89C-0D9A241A23F5}.Release|Any CPU.Build.0 = Release|Any CPU
		{AB32CF0D-C88C-49CF-AFBC-C9B12BF027E5}.Debug|Any CPU.ActiveCfg = Debug|Any CPU
		{AB32CF0D-C88C-49CF-AFBC-C9B12BF027E5}.Debug|Any CPU.Build.0 = Debug|Any CPU
		{AB32CF0D-C88C-49CF-AFBC-C9B12BF027E5}.Release|Any CPU.ActiveCfg = Release|Any CPU
		{AB32CF0D-C88C-49CF-AFBC-C9B12BF027E5}.Release|Any CPU.Build.0 = Release|Any CPU
		{9F928D37-6E66-4613-87A0-B491B7F3ABE1}.Debug|Any CPU.ActiveCfg = Debug|Any CPU
		{9F928D37-6E66-4613-87A0-B491B7F3ABE1}.Debug|Any CPU.Build.0 = Debug|Any CPU
		{9F928D37-6E66-4613-87A0-B491B7F3ABE1}.Release|Any CPU.ActiveCfg = Release|Any CPU
		{9F928D37-6E66-4613-87A0-B491B7F3ABE1}.Release|Any CPU.Build.0 = Release|Any CPU
		{F65876A5-049E-45E2-A528-E9FE9CFA14CA}.Debug|Any CPU.ActiveCfg = Debug|Any CPU
		{F65876A5-049E-45E2-A528-E9FE9CFA14CA}.Debug|Any CPU.Build.0 = Debug|Any CPU
		{F65876A5-049E-45E2-A528-E9FE9CFA14CA}.Release|Any CPU.ActiveCfg = Release|Any CPU
		{F65876A5-049E-45E2-A528-E9FE9CFA14CA}.Release|Any CPU.Build.0 = Release|Any CPU
		{1A78EECA-A098-4004-ACC1-3E4EFCF0D317}.Debug|Any CPU.ActiveCfg = Debug|Any CPU
		{1A78EECA-A098-4004-ACC1-3E4EFCF0D317}.Debug|Any CPU.Build.0 = Debug|Any CPU
		{1A78EECA-A098-4004-ACC1-3E4EFCF0D317}.Release|Any CPU.ActiveCfg = Release|Any CPU
		{1A78EECA-A098-4004-ACC1-3E4EFCF0D317}.Release|Any CPU.Build.0 = Release|Any CPU
		{AFC5E104-B663-4AF8-B50D-A3FFE813D8BA}.Debug|Any CPU.ActiveCfg = Debug|Any CPU
		{AFC5E104-B663-4AF8-B50D-A3FFE813D8BA}.Debug|Any CPU.Build.0 = Debug|Any CPU
		{AFC5E104-B663-4AF8-B50D-A3FFE813D8BA}.Release|Any CPU.ActiveCfg = Release|Any CPU
		{AFC5E104-B663-4AF8-B50D-A3FFE813D8BA}.Release|Any CPU.Build.0 = Release|Any CPU
		{AAF5853A-EBD8-4F06-A4B3-8001CDCF70C9}.Debug|Any CPU.ActiveCfg = Debug|Any CPU
		{AAF5853A-EBD8-4F06-A4B3-8001CDCF70C9}.Debug|Any CPU.Build.0 = Debug|Any CPU
		{AAF5853A-EBD8-4F06-A4B3-8001CDCF70C9}.Release|Any CPU.ActiveCfg = Release|Any CPU
		{AAF5853A-EBD8-4F06-A4B3-8001CDCF70C9}.Release|Any CPU.Build.0 = Release|Any CPU
		{4DEFBC6C-2B39-47AD-AFF5-CCA2C0A350F0}.Debug|Any CPU.ActiveCfg = Debug|Any CPU
		{4DEFBC6C-2B39-47AD-AFF5-CCA2C0A350F0}.Debug|Any CPU.Build.0 = Debug|Any CPU
		{4DEFBC6C-2B39-47AD-AFF5-CCA2C0A350F0}.Release|Any CPU.ActiveCfg = Release|Any CPU
		{4DEFBC6C-2B39-47AD-AFF5-CCA2C0A350F0}.Release|Any CPU.Build.0 = Release|Any CPU
		{C679F61C-E8AF-4711-958C-1966758F9AA6}.Debug|Any CPU.ActiveCfg = Debug|Any CPU
		{C679F61C-E8AF-4711-958C-1966758F9AA6}.Debug|Any CPU.Build.0 = Debug|Any CPU
		{C679F61C-E8AF-4711-958C-1966758F9AA6}.Release|Any CPU.ActiveCfg = Release|Any CPU
		{C679F61C-E8AF-4711-958C-1966758F9AA6}.Release|Any CPU.Build.0 = Release|Any CPU
		{98D91E6B-8CDA-4BE0-8DC9-9F267E8D608C}.Debug|Any CPU.ActiveCfg = Debug|Any CPU
		{98D91E6B-8CDA-4BE0-8DC9-9F267E8D608C}.Debug|Any CPU.Build.0 = Debug|Any CPU
		{98D91E6B-8CDA-4BE0-8DC9-9F267E8D608C}.Release|Any CPU.ActiveCfg = Release|Any CPU
		{98D91E6B-8CDA-4BE0-8DC9-9F267E8D608C}.Release|Any CPU.Build.0 = Release|Any CPU
		{105754C6-5B64-44C6-BCE2-9F5035F74D0A}.Debug|Any CPU.ActiveCfg = Debug|Any CPU
		{105754C6-5B64-44C6-BCE2-9F5035F74D0A}.Debug|Any CPU.Build.0 = Debug|Any CPU
		{105754C6-5B64-44C6-BCE2-9F5035F74D0A}.Release|Any CPU.ActiveCfg = Release|Any CPU
		{105754C6-5B64-44C6-BCE2-9F5035F74D0A}.Release|Any CPU.Build.0 = Release|Any CPU
		{7ED4BAD9-68E6-4381-A08B-5ED35774061C}.Debug|Any CPU.ActiveCfg = Debug|Any CPU
		{7ED4BAD9-68E6-4381-A08B-5ED35774061C}.Debug|Any CPU.Build.0 = Debug|Any CPU
		{7ED4BAD9-68E6-4381-A08B-5ED35774061C}.Release|Any CPU.ActiveCfg = Release|Any CPU
		{7ED4BAD9-68E6-4381-A08B-5ED35774061C}.Release|Any CPU.Build.0 = Release|Any CPU
		{418FEC7B-6FF4-490F-91B3-C6121DD33013}.Debug|Any CPU.ActiveCfg = Debug|Any CPU
		{418FEC7B-6FF4-490F-91B3-C6121DD33013}.Debug|Any CPU.Build.0 = Debug|Any CPU
		{418FEC7B-6FF4-490F-91B3-C6121DD33013}.Release|Any CPU.ActiveCfg = Release|Any CPU
		{418FEC7B-6FF4-490F-91B3-C6121DD33013}.Release|Any CPU.Build.0 = Release|Any CPU
		{C7623AB1-88E9-4A13-B02A-EB409091CC4F}.Debug|Any CPU.ActiveCfg = Debug|Any CPU
		{C7623AB1-88E9-4A13-B02A-EB409091CC4F}.Debug|Any CPU.Build.0 = Debug|Any CPU
		{C7623AB1-88E9-4A13-B02A-EB409091CC4F}.Release|Any CPU.ActiveCfg = Release|Any CPU
		{C7623AB1-88E9-4A13-B02A-EB409091CC4F}.Release|Any CPU.Build.0 = Release|Any CPU
		{FD4CB837-8957-421B-814D-E5F332AD25D0}.Debug|Any CPU.ActiveCfg = Debug|Any CPU
		{FD4CB837-8957-421B-814D-E5F332AD25D0}.Debug|Any CPU.Build.0 = Debug|Any CPU
		{FD4CB837-8957-421B-814D-E5F332AD25D0}.Release|Any CPU.ActiveCfg = Release|Any CPU
		{FD4CB837-8957-421B-814D-E5F332AD25D0}.Release|Any CPU.Build.0 = Release|Any CPU
		{9EC1CCBA-41D9-4BDD-8E66-3BC91349440B}.Debug|Any CPU.ActiveCfg = Debug|Any CPU
		{9EC1CCBA-41D9-4BDD-8E66-3BC91349440B}.Debug|Any CPU.Build.0 = Debug|Any CPU
		{9EC1CCBA-41D9-4BDD-8E66-3BC91349440B}.Release|Any CPU.ActiveCfg = Release|Any CPU
		{9EC1CCBA-41D9-4BDD-8E66-3BC91349440B}.Release|Any CPU.Build.0 = Release|Any CPU
		{BF17780F-B22A-4DE2-9F40-00A8C18E8FD2}.Debug|Any CPU.ActiveCfg = Debug|Any CPU
		{BF17780F-B22A-4DE2-9F40-00A8C18E8FD2}.Debug|Any CPU.Build.0 = Debug|Any CPU
		{BF17780F-B22A-4DE2-9F40-00A8C18E8FD2}.Release|Any CPU.ActiveCfg = Release|Any CPU
		{BF17780F-B22A-4DE2-9F40-00A8C18E8FD2}.Release|Any CPU.Build.0 = Release|Any CPU
		{BEDB86A2-D20C-4AB6-879E-A0E09B9B495F}.Debug|Any CPU.ActiveCfg = Debug|Any CPU
		{BEDB86A2-D20C-4AB6-879E-A0E09B9B495F}.Debug|Any CPU.Build.0 = Debug|Any CPU
		{BEDB86A2-D20C-4AB6-879E-A0E09B9B495F}.Release|Any CPU.ActiveCfg = Release|Any CPU
		{BEDB86A2-D20C-4AB6-879E-A0E09B9B495F}.Release|Any CPU.Build.0 = Release|Any CPU
		{DDD01352-9989-43B0-A1B9-8CBFA1E9EB8B}.Debug|Any CPU.ActiveCfg = Debug|Any CPU
		{DDD01352-9989-43B0-A1B9-8CBFA1E9EB8B}.Debug|Any CPU.Build.0 = Debug|Any CPU
		{DDD01352-9989-43B0-A1B9-8CBFA1E9EB8B}.Release|Any CPU.ActiveCfg = Release|Any CPU
		{DDD01352-9989-43B0-A1B9-8CBFA1E9EB8B}.Release|Any CPU.Build.0 = Release|Any CPU
		{13C29C4D-C16F-4F22-8913-92F56A3D1B9A}.Debug|Any CPU.ActiveCfg = Debug|Any CPU
		{13C29C4D-C16F-4F22-8913-92F56A3D1B9A}.Debug|Any CPU.Build.0 = Debug|Any CPU
		{13C29C4D-C16F-4F22-8913-92F56A3D1B9A}.Release|Any CPU.ActiveCfg = Release|Any CPU
		{13C29C4D-C16F-4F22-8913-92F56A3D1B9A}.Release|Any CPU.Build.0 = Release|Any CPU
		{16A210C7-F492-4D50-BA24-7CBEA70D370A}.Debug|Any CPU.ActiveCfg = Debug|Any CPU
		{16A210C7-F492-4D50-BA24-7CBEA70D370A}.Debug|Any CPU.Build.0 = Debug|Any CPU
		{16A210C7-F492-4D50-BA24-7CBEA70D370A}.Release|Any CPU.ActiveCfg = Release|Any CPU
		{16A210C7-F492-4D50-BA24-7CBEA70D370A}.Release|Any CPU.Build.0 = Release|Any CPU
	EndGlobalSection
	GlobalSection(SolutionProperties) = preSolution
		HideSolutionNode = FALSE
	EndGlobalSection
	GlobalSection(NestedProjects) = preSolution
		{0D0D2FE5-3E60-4C69-B3FD-378DE7174AE2} = {02EA681E-C7D8-13C7-8484-4AC65E1B71E8}
		{7BB2F52A-03CC-423A-B68E-17301EF920E3} = {02EA681E-C7D8-13C7-8484-4AC65E1B71E8}
		{D0868016-8D90-4F4C-A0AC-94CE60A694B6} = {02EA681E-C7D8-13C7-8484-4AC65E1B71E8}
		{04F4FF1F-62D3-406F-B89C-0D9A241A23F5} = {DF370019-7A9C-4ED4-AC97-7D8A34A722D8}
		{AB32CF0D-C88C-49CF-AFBC-C9B12BF027E5} = {DF370019-7A9C-4ED4-AC97-7D8A34A722D8}
		{9F928D37-6E66-4613-87A0-B491B7F3ABE1} = {DF370019-7A9C-4ED4-AC97-7D8A34A722D8}
		{F65876A5-049E-45E2-A528-E9FE9CFA14CA} = {33F35A14-242C-4662-A8EE-59610D37DBFC}
		{1A78EECA-A098-4004-ACC1-3E4EFCF0D317} = {33F35A14-242C-4662-A8EE-59610D37DBFC}
		{AFC5E104-B663-4AF8-B50D-A3FFE813D8BA} = {33F35A14-242C-4662-A8EE-59610D37DBFC}
		{AAF5853A-EBD8-4F06-A4B3-8001CDCF70C9} = {C7281814-5B20-425B-B5C5-BF9FEB92380D}
		{4DEFBC6C-2B39-47AD-AFF5-CCA2C0A350F0} = {C7281814-5B20-425B-B5C5-BF9FEB92380D}
		{C679F61C-E8AF-4711-958C-1966758F9AA6} = {C7281814-5B20-425B-B5C5-BF9FEB92380D}
		{98D91E6B-8CDA-4BE0-8DC9-9F267E8D608C} = {7C1C53FF-F080-4B06-98D8-D90FD0EEC013}
		{105754C6-5B64-44C6-BCE2-9F5035F74D0A} = {7C1C53FF-F080-4B06-98D8-D90FD0EEC013}
		{7ED4BAD9-68E6-4381-A08B-5ED35774061C} = {7C1C53FF-F080-4B06-98D8-D90FD0EEC013}
		{418FEC7B-6FF4-490F-91B3-C6121DD33013} = {ECC21307-20DD-445B-B27E-74E39459165E}
		{C7623AB1-88E9-4A13-B02A-EB409091CC4F} = {ECC21307-20DD-445B-B27E-74E39459165E}
		{FD4CB837-8957-421B-814D-E5F332AD25D0} = {ECC21307-20DD-445B-B27E-74E39459165E}
		{9EC1CCBA-41D9-4BDD-8E66-3BC91349440B} = {B9F99604-30D1-4656-AF4B-0E84189663A7}
		{BF17780F-B22A-4DE2-9F40-00A8C18E8FD2} = {B9F99604-30D1-4656-AF4B-0E84189663A7}
		{BEDB86A2-D20C-4AB6-879E-A0E09B9B495F} = {B9F99604-30D1-4656-AF4B-0E84189663A7}
		{DDD01352-9989-43B0-A1B9-8CBFA1E9EB8B} = {3BD140C7-C26E-4A62-8E45-881B12C9FFA5}
		{13C29C4D-C16F-4F22-8913-92F56A3D1B9A} = {3BD140C7-C26E-4A62-8E45-881B12C9FFA5}
		{16A210C7-F492-4D50-BA24-7CBEA70D370A} = {3BD140C7-C26E-4A62-8E45-881B12C9FFA5}
	EndGlobalSection
	GlobalSection(ExtensibilityGlobals) = postSolution
		SolutionGuid = {3C59FC66-8391-494E-930F-428567B5428E}
	EndGlobalSection
EndGlobal
